hash: 32db5c825fd158afe5d47e1ef2c06ee5be855b592de22ae24752c426ac19ba8a
updated: 2017-09-19T15:26:51.574340219-04:00
imports:
- name: github.com/andybalholm/cascadia
  version: 349dd0209470eabd9514242c688c403c0926d266
- name: github.com/fsnotify/fsnotify
  version: 629574ca2a5df945712d3079857300b5e4da0236
- name: github.com/hashicorp/hcl
  version: 8f6b1344a92ff8877cf24a5de9177bf7d0a2a187
  subpackages:
  - hcl/ast
  - hcl/parser
  - hcl/scanner
  - hcl/strconv
  - hcl/token
  - json/parser
  - json/scanner
  - json/token
- name: github.com/magiconair/properties
  version: 8d7837e64d3c1ee4e54a880c5a920ab4316fc90a
- name: github.com/mitchellh/mapstructure
  version: d0303fe809921458f417bcf828397a65db30a7e4
- name: github.com/mmcdole/gofeed
  version: 303223474e837398b2f8a265e5572958bb5568c0
  subpackages:
  - atom
  - extensions
  - internal/shared
  - rss
- name: github.com/mmcdole/goxpp
  version: 77e4a51a73ed99ee3f33c1474dc166866304acbd
- name: github.com/pelletier/go-toml
  version: 1d6b12b7cb290426e27e6b4e38b89fcda3aeef03
- name: github.com/PuerkitoBio/goquery
  version: ce645ea5e67a713599b7415f21f0786451fa9554
- name: github.com/spf13/afero
  version: ee1bd8ee15a1306d1f9201acc41ef39cd9f99a1b
  subpackages:
  - mem
- name: github.com/spf13/cast
  version: acbeb36b902d72a7a4c18e8f3241075e7ab763e4
- name: github.com/spf13/jwalterweatherman
  version: 12bd96e66386c1960ab0f74ced1362f66f552f7b
- name: github.com/spf13/pflag
  version: 7aff26db30c1be810f9de5038ec5ef96ac41fd7c
- name: github.com/spf13/viper
  version: 25b30aa063fc18e48662b86996252eabdcf2f0c7
- name: golang.org/x/net
  version: 8351a756f30f1297fe94bbf4b767ec589c6ea6d0
  subpackages:
  - html
  - html/atom
  - html/charset
- name: golang.org/x/sys
  version: a45f55524b7ec57890cfa6c6bc06b47f877be0d1
  subpackages:
  - unix
- name: golang.org/x/text
  version: bd91bbf73e9a4a801adbfb97133c992678533126
  subpackages:
  - encoding
  - encoding/charmap
  - encoding/htmlindex
  - encoding/internal
  - encoding/internal/identifier
  - encoding/japanese
  - encoding/korean
  - encoding/simplifiedchinese
  - encoding/traditionalchinese
  - encoding/unicode
  - internal/tag
  - internal/utf8internal
  - language
  - runes
  - transform
  - unicode/norm
- name: gopkg.in/yaml.v2
  version: eb3733d160e74a9c7e442f435eb3bea458e1d19f
testImports: []
